// !$*UTF8*$!
{
	archiveVersion = 1;
	classes = {
	};
	objectVersion = 50;
	objects = {

/* Begin PBXBuildFile section */
		C630F12D26B42CC000790F78 /* AppDelegate.swift in Sources */ = {isa = PBXBuildFile; fileRef = C630F12C26B42CC000790F78 /* AppDelegate.swift */; };
		C630F12F26B42CC000790F78 /* SceneDelegate.swift in Sources */ = {isa = PBXBuildFile; fileRef = C630F12E26B42CC000790F78 /* SceneDelegate.swift */; };
		C630F13126B42CC000790F78 /* TabBarController.swift in Sources */ = {isa = PBXBuildFile; fileRef = C630F13026B42CC000790F78 /* TabBarController.swift */; };
		C630F13426B42CC000790F78 /* Main.storyboard in Resources */ = {isa = PBXBuildFile; fileRef = C630F13226B42CC000790F78 /* Main.storyboard */; };
		C630F13626B42CC100790F78 /* Assets.xcassets in Resources */ = {isa = PBXBuildFile; fileRef = C630F13526B42CC100790F78 /* Assets.xcassets */; };
		C630F13926B42CC100790F78 /* LaunchScreen.storyboard in Resources */ = {isa = PBXBuildFile; fileRef = C630F13726B42CC100790F78 /* LaunchScreen.storyboard */; };
		C630F14126B42CDE00790F78 /* Person.swift in Sources */ = {isa = PBXBuildFile; fileRef = C630F14026B42CDE00790F78 /* Person.swift */; };
		C630F14326B42E9B00790F78 /* DataManager.swift in Sources */ = {isa = PBXBuildFile; fileRef = C630F14226B42E9B00790F78 /* DataManager.swift */; };
		C630F14526B4345300790F78 /* PersonListViewController.swift in Sources */ = {isa = PBXBuildFile; fileRef = C630F14426B4345300790F78 /* PersonListViewController.swift */; };
		C630F14726B434F100790F78 /* ContactListViewController.swift in Sources */ = {isa = PBXBuildFile; fileRef = C630F14626B434F100790F78 /* ContactListViewController.swift */; };
		C630F14E26B44D3000790F78 /* PersonInfoViewController.swift in Sources */ = {isa = PBXBuildFile; fileRef = C630F14D26B44D3000790F78 /* PersonInfoViewController.swift */; };
/* End PBXBuildFile section */

/* Begin PBXFileReference section */
		C630F12926B42CC000790F78 /* ListApp.app */ = {isa = PBXFileReference; explicitFileType = wrapper.application; includeInIndex = 0; path = ListApp.app; sourceTree = BUILT_PRODUCTS_DIR; };
		C630F12C26B42CC000790F78 /* AppDelegate.swift */ = {isa = PBXFileReference; lastKnownFileType = sourcecode.swift; path = AppDelegate.swift; sourceTree = "<group>"; };
		C630F12E26B42CC000790F78 /* SceneDelegate.swift */ = {isa = PBXFileReference; lastKnownFileType = sourcecode.swift; path = SceneDelegate.swift; sourceTree = "<group>"; };
		C630F13026B42CC000790F78 /* TabBarController.swift */ = {isa = PBXFileReference; lastKnownFileType = sourcecode.swift; path = TabBarController.swift; sourceTree = "<group>"; };
		C630F13326B42CC000790F78 /* Base */ = {isa = PBXFileReference; lastKnownFileType = file.storyboard; name = Base; path = Base.lproj/Main.storyboard; sourceTree = "<group>"; };
		C630F13526B42CC100790F78 /* Assets.xcassets */ = {isa = PBXFileReference; lastKnownFileType = folder.assetcatalog; path = Assets.xcassets; sourceTree = "<group>"; };
		C630F13826B42CC100790F78 /* Base */ = {isa = PBXFileReference; lastKnownFileType = file.storyboard; name = Base; path = Base.lproj/LaunchScreen.storyboard; sourceTree = "<group>"; };
		C630F13A26B42CC100790F78 /* Info.plist */ = {isa = PBXFileReference; lastKnownFileType = text.plist.xml; path = Info.plist; sourceTree = "<group>"; };
		C630F14026B42CDE00790F78 /* Person.swift */ = {isa = PBXFileReference; lastKnownFileType = sourcecode.swift; path = Person.swift; sourceTree = "<group>"; };
		C630F14226B42E9B00790F78 /* DataManager.swift */ = {isa = PBXFileReference; lastKnownFileType = sourcecode.swift; path = DataManager.swift; sourceTree = "<group>"; };
		C630F14426B4345300790F78 /* PersonListViewController.swift */ = {isa = PBXFileReference; lastKnownFileType = sourcecode.swift; path = PersonListViewController.swift; sourceTree = "<group>"; };
		C630F14626B434F100790F78 /* ContactListViewController.swift */ = {isa = PBXFileReference; lastKnownFileType = sourcecode.swift; path = ContactListViewController.swift; sourceTree = "<group>"; };
		C630F14D26B44D3000790F78 /* PersonInfoViewController.swift */ = {isa = PBXFileReference; lastKnownFileType = sourcecode.swift; name = PersonInfoViewController.swift; path = ListApp/ViewControllers/PersonInfoViewController.swift; sourceTree = SOURCE_ROOT; };
/* End PBXFileReference section */

/* Begin PBXFrameworksBuildPhase section */
		C630F12626B42CC000790F78 /* Frameworks */ = {
			isa = PBXFrameworksBuildPhase;
			buildActionMask = 2147483647;
			files = (
			);
			runOnlyForDeploymentPostprocessing = 0;
		};
/* End PBXFrameworksBuildPhase section */

/* Begin PBXGroup section */
		C630F12026B42CC000790F78 = {
			isa = PBXGroup;
			children = (
				C630F12B26B42CC000790F78 /* ListApp */,
				C630F12A26B42CC000790F78 /* Products */,
			);
			sourceTree = "<group>";
		};
		C630F12A26B42CC000790F78 /* Products */ = {
			isa = PBXGroup;
			children = (
				C630F12926B42CC000790F78 /* ListApp.app */,
			);
			name = Products;
			sourceTree = "<group>";
		};
		C630F12B26B42CC000790F78 /* ListApp */ = {
			isa = PBXGroup;
			children = (
				C630F14926B4361F00790F78 /* Model */,
				C630F14A26B4363000790F78 /* Storyboards */,
				C630F14826B4361000790F78 /* ViewControllers */,
				C630F14B26B4364C00790F78 /* SupportFiles */,
				C630F14C26B4365B00790F78 /* Resourses */,
			);
			path = ListApp;
			sourceTree = "<group>";
		};
		C630F14826B4361000790F78 /* ViewControllers */ = {
			isa = PBXGroup;
			children = (
				C630F14D26B44D3000790F78 /* PersonInfoViewController.swift */,
				C630F13026B42CC000790F78 /* TabBarController.swift */,
				C630F14426B4345300790F78 /* PersonListViewController.swift */,
				C630F14626B434F100790F78 /* ContactListViewController.swift */,
			);
			path = ViewControllers;
			sourceTree = "<group>";
		};
		C630F14926B4361F00790F78 /* Model */ = {
			isa = PBXGroup;
			children = (
				C630F14026B42CDE00790F78 /* Person.swift */,
				C630F14226B42E9B00790F78 /* DataManager.swift */,
			);
			path = Model;
			sourceTree = "<group>";
		};
		C630F14A26B4363000790F78 /* Storyboards */ = {
			isa = PBXGroup;
			children = (
				C630F13226B42CC000790F78 /* Main.storyboard */,
				C630F13726B42CC100790F78 /* LaunchScreen.storyboard */,
			);
			path = Storyboards;
			sourceTree = "<group>";
		};
		C630F14B26B4364C00790F78 /* SupportFiles */ = {
			isa = PBXGroup;
			children = (
				C630F12C26B42CC000790F78 /* AppDelegate.swift */,
				C630F12E26B42CC000790F78 /* SceneDelegate.swift */,
				C630F13A26B42CC100790F78 /* Info.plist */,
			);
			path = SupportFiles;
			sourceTree = "<group>";
		};
		C630F14C26B4365B00790F78 /* Resourses */ = {
			isa = PBXGroup;
			children = (
				C630F13526B42CC100790F78 /* Assets.xcassets */,
			);
			path = Resourses;
			sourceTree = "<group>";
		};
/* End PBXGroup section */

/* Begin PBXNativeTarget section */
		C630F12826B42CC000790F78 /* ListApp */ = {
			isa = PBXNativeTarget;
			buildConfigurationList = C630F13D26B42CC100790F78 /* Build configuration list for PBXNativeTarget "ListApp" */;
			buildPhases = (
				C630F12526B42CC000790F78 /* Sources */,
				C630F12626B42CC000790F78 /* Frameworks */,
				C630F12726B42CC000790F78 /* Resources */,
			);
			buildRules = (
			);
			dependencies = (
			);
			name = ListApp;
			productName = ListApp;
			productReference = C630F12926B42CC000790F78 /* ListApp.app */;
			productType = "com.apple.product-type.application";
		};
/* End PBXNativeTarget section */

/* Begin PBXProject section */
		C630F12126B42CC000790F78 /* Project object */ = {
			isa = PBXProject;
			attributes = {
				LastSwiftUpdateCheck = 1250;
				LastUpgradeCheck = 1250;
				TargetAttributes = {
					C630F12826B42CC000790F78 = {
						CreatedOnToolsVersion = 12.5;
					};
				};
			};
			buildConfigurationList = C630F12426B42CC000790F78 /* Build configuration list for PBXProject "ListApp" */;
			compatibilityVersion = "Xcode 9.3";
			developmentRegion = en;
			hasScannedForEncodings = 0;
			knownRegions = (
				en,
				Base,
			);
			mainGroup = C630F12026B42CC000790F78;
			productRefGroup = C630F12A26B42CC000790F78 /* Products */;
			projectDirPath = "";
			projectRoot = "";
			targets = (
				C630F12826B42CC000790F78 /* ListApp */,
			);
		};
/* End PBXProject section */

/* Begin PBXResourcesBuildPhase section */
		C630F12726B42CC000790F78 /* Resources */ = {
			isa = PBXResourcesBuildPhase;
			buildActionMask = 2147483647;
			files = (
				C630F13926B42CC100790F78 /* LaunchScreen.storyboard in Resources */,
				C630F13626B42CC100790F78 /* Assets.xcassets in Resources */,
				C630F13426B42CC000790F78 /* Main.storyboard in Resources */,
			);
			runOnlyForDeploymentPostprocessing = 0;
		};
/* End PBXResourcesBuildPhase section */

/* Begin PBXSourcesBuildPhase section */
		C630F12526B42CC000790F78 /* Sources */ = {
			isa = PBXSourcesBuildPhase;
			buildActionMask = 2147483647;
			files = (
				C630F13126B42CC000790F78 /* TabBarController.swift in Sources */,
				C630F14526B4345300790F78 /* PersonListViewController.swift in Sources */,
				C630F14326B42E9B00790F78 /* DataManager.swift in Sources */,
				C630F14E26B44D3000790F78 /* PersonInfoViewController.swift in Sources */,
				C630F12D26B42CC000790F78 /* AppDelegate.swift in Sources */,
				C630F14126B42CDE00790F78 /* Person.swift in Sources */,
				C630F14726B434F100790F78 /* ContactListViewController.swift in Sources */,
				C630F12F26B42CC000790F78 /* SceneDelegate.swift in Sources */,
			);
			runOnlyForDeploymentPostprocessing = 0;
		};
/* End PBXSourcesBuildPhase section */

/* Begin PBXVariantGroup section */
		C630F13226B42CC000790F78 /* Main.storyboard */ = {
			isa = PBXVariantGroup;
			children = (
				C630F13326B42CC000790F78 /* Base */,
			);
			name = Main.storyboard;
			sourceTree = "<group>";
		};
		C630F13726B42CC100790F78 /* LaunchScreen.storyboard */ = {
			isa = PBXVariantGroup;
			children = (
				C630F13826B42CC100790F78 /* Base */,
			);
			name = LaunchScreen.storyboard;
			sourceTree = "<group>";
		};
/* End PBXVariantGroup section */

/* Begin XCBuildConfiguration section */
		C630F13B26B42CC100790F78 /* Debug */ = {
			isa = XCBuildConfiguration;
			buildSettings = {
				ALWAYS_SEARCH_USER_PATHS = NO;
				CLANG_ANALYZER_NONNULL = YES;
				CLANG_ANALYZER_NUMBER_OBJECT_CONVERSION = YES_AGGRESSIVE;
				CLANG_CXX_LANGUAGE_STANDARD = "gnu++14";
				CLANG_CXX_LIBRARY = "libc++";
				CLANG_ENABLE_MODULES = YES;
				CLANG_ENABLE_OBJC_ARC = YES;
				CLANG_ENABLE_OBJC_WEAK = YES;
				CLANG_WARN_BLOCK_CAPTURE_AUTORELEASING = YES;
				CLANG_WARN_BOOL_CONVERSION = YES;
				CLANG_WARN_COMMA = YES;
				CLANG_WARN_CONSTANT_CONVERSION = YES;
				CLANG_WARN_DEPRECATED_OBJC_IMPLEMENTATIONS = YES;
				CLANG_WARN_DIRECT_OBJC_ISA_USAGE = YES_ERROR;
				CLANG_WARN_DOCUMENTATION_COMMENTS = YES;
				CLANG_WARN_EMPTY_BODY = YES;
				CLANG_WARN_ENUM_CONVERSION = YES;
				CLANG_WARN_INFINITE_RECURSION = YES;
				CLANG_WARN_INT_CONVERSION = YES;
				CLANG_WARN_NON_LITERAL_NULL_CONVERSION = YES;
				CLANG_WARN_OBJC_IMPLICIT_RETAIN_SELF = YES;
				CLANG_WARN_OBJC_LITERAL_CONVERSION = YES;
				CLANG_WARN_OBJC_ROOT_CLASS = YES_ERROR;
				CLANG_WARN_QUOTED_INCLUDE_IN_FRAMEWORK_HEADER = YES;
				CLANG_WARN_RANGE_LOOP_ANALYSIS = YES;
				CLANG_WARN_STRICT_PROTOTYPES = YES;
				CLANG_WARN_SUSPICIOUS_MOVE = YES;
				CLANG_WARN_UNGUARDED_AVAILABILITY = YES_AGGRESSIVE;
				CLANG_WARN_UNREACHABLE_CODE = YES;
				CLANG_WARN__DUPLICATE_METHOD_MATCH = YES;
				COPY_PHASE_STRIP = NO;
				DEBUG_INFORMATION_FORMAT = dwarf;
				ENABLE_STRICT_OBJC_MSGSEND = YES;
				ENABLE_TESTABILITY = YES;
				GCC_C_LANGUAGE_STANDARD = gnu11;
				GCC_DYNAMIC_NO_PIC = NO;
				GCC_NO_COMMON_BLOCKS = YES;
				GCC_OPTIMIZATION_LEVEL = 0;
				GCC_PREPROCESSOR_DEFINITIONS = (
					"DEBUG=1",
					"$(inherited)",
				);
				GCC_WARN_64_TO_32_BIT_CONVERSION = YES;
				GCC_WARN_ABOUT_RETURN_TYPE = YES_ERROR;
				GCC_WARN_UNDECLARED_SELECTOR = YES;
				GCC_WARN_UNINITIALIZED_AUTOS = YES_AGGRESSIVE;
				GCC_WARN_UNUSED_FUNCTION = YES;
				GCC_WARN_UNUSED_VARIABLE = YES;
				IPHONEOS_DEPLOYMENT_TARGET = 14.5;
				MTL_ENABLE_DEBUG_INFO = INCLUDE_SOURCE;
				MTL_FAST_MATH = YES;
				ONLY_ACTIVE_ARCH = YES;
				SDKROOT = iphoneos;
				SWIFT_ACTIVE_COMPILATION_CONDITIONS = DEBUG;
				SWIFT_OPTIMIZATION_LEVEL = "-Onone";
			};
			name = Debug;
		};
		C630F13C26B42CC100790F78 /* Release */ = {
			isa = XCBuildConfiguration;
			buildSettings = {
				ALWAYS_SEARCH_USER_PATHS = NO;
				CLANG_ANALYZER_NONNULL = YES;
				CLANG_ANALYZER_NUMBER_OBJECT_CONVERSION = YES_AGGRESSIVE;
				CLANG_CXX_LANGUAGE_STANDARD = "gnu++14";
				CLANG_CXX_LIBRARY = "libc++";
				CLANG_ENABLE_MODULES = YES;
				CLANG_ENABLE_OBJC_ARC = YES;
				CLANG_ENABLE_OBJC_WEAK = YES;
				CLANG_WARN_BLOCK_CAPTURE_AUTORELEASING = YES;
				CLANG_WARN_BOOL_CONVERSION = YES;
				CLANG_WARN_COMMA = YES;
				CLANG_WARN_CONSTANT_CONVERSION = YES;
				CLANG_WARN_DEPRECATED_OBJC_IMPLEMENTATIONS = YES;
				CLANG_WARN_DIRECT_OBJC_ISA_USAGE = YES_ERROR;
				CLANG_WARN_DOCUMENTATION_COMMENTS = YES;
				CLANG_WARN_EMPTY_BODY = YES;
				CLANG_WARN_ENUM_CONVERSION = YES;
				CLANG_WARN_INFINITE_RECURSION = YES;
				CLANG_WARN_INT_CONVERSION = YES;
				CLANG_WARN_NON_LITERAL_NULL_CONVERSION = YES;
				CLANG_WARN_OBJC_IMPLICIT_RETAIN_SELF = YES;
				CLANG_WARN_OBJC_LITERAL_CONVERSION = YES;
				CLANG_WARN_OBJC_ROOT_CLASS = YES_ERROR;
				CLANG_WARN_QUOTED_INCLUDE_IN_FRAMEWORK_HEADER = YES;
				CLANG_WARN_RANGE_LOOP_ANALYSIS = YES;
				CLANG_WARN_STRICT_PROTOTYPES = YES;
				CLANG_WARN_SUSPICIOUS_MOVE = YES;
				CLANG_WARN_UNGUARDED_AVAILABILITY = YES_AGGRESSIVE;
				CLANG_WARN_UNREACHABLE_CODE = YES;
				CLANG_WARN__DUPLICATE_METHOD_MATCH = YES;
				COPY_PHASE_STRIP = NO;
				DEBUG_INFORMATION_FORMAT = "dwarf-with-dsym";
				ENABLE_NS_ASSERTIONS = NO;
				ENABLE_STRICT_OBJC_MSGSEND = YES;
				GCC_C_LANGUAGE_STANDARD = gnu11;
				GCC_NO_COMMON_BLOCKS = YES;
				GCC_WARN_64_TO_32_BIT_CONVERSION = YES;
				GCC_WARN_ABOUT_RETURN_TYPE = YES_ERROR;
				GCC_WARN_UNDECLARED_SELECTOR = YES;
				GCC_WARN_UNINITIALIZED_AUTOS = YES_AGGRESSIVE;
				GCC_WARN_UNUSED_FUNCTION = YES;
				GCC_WARN_UNUSED_VARIABLE = YES;
				IPHONEOS_DEPLOYMENT_TARGET = 14.5;
				MTL_ENABLE_DEBUG_INFO = NO;
				MTL_FAST_MATH = YES;
				SDKROOT = iphoneos;
				SWIFT_COMPILATION_MODE = wholemodule;
				SWIFT_OPTIMIZATION_LEVEL = "-O";
				VALIDATE_PRODUCT = YES;
			};
			name = Release;
		};
		C630F13E26B42CC100790F78 /* Debug */ = {
			isa = XCBuildConfiguration;
			buildSettings = {
				ASSETCATALOG_COMPILER_APPICON_NAME = AppIcon;
				ASSETCATALOG_COMPILER_GLOBAL_ACCENT_COLOR_NAME = AccentColor;
				CODE_SIGN_STYLE = Automatic;
				DEVELOPMENT_TEAM = 5QL6TNF9LL;
				INFOPLIST_FILE = ListApp/SupportFiles/Info.plist;
				LD_RUNPATH_SEARCH_PATHS = (
					"$(inherited)",
					"@executable_path/Frameworks",
				);
				PRODUCT_BUNDLE_IDENTIFIER = Miller.ListApp;
				PRODUCT_NAME = "$(TARGET_NAME)";
				SWIFT_VERSION = 5.0;
				TARGETED_DEVICE_FAMILY = "1,2";
			};
			name = Debug;
		};
		C630F13F26B42CC100790F78 /* Release */ = {
			isa = XCBuildConfiguration;
			buildSettings = {
				ASSETCATALOG_COMPILER_APPICON_NAME = AppIcon;
				ASSETCATALOG_COMPILER_GLOBAL_ACCENT_COLOR_NAME = AccentColor;
				CODE_SIGN_STYLE = Automatic;
				DEVELOPMENT_TEAM = 5QL6TNF9LL;
				INFOPLIST_FILE = ListApp/SupportFiles/Info.plist;
				LD_RUNPATH_SEARCH_PATHS = (
					"$(inherited)",
					"@executable_path/Frameworks",
				);
				PRODUCT_BUNDLE_IDENTIFIER = Miller.ListApp;
				PRODUCT_NAME = "$(TARGET_NAME)";
				SWIFT_VERSION = 5.0;
				TARGETED_DEVICE_FAMILY = "1,2";
			};
			name = Release;
		};
/* End XCBuildConfiguration section */

/* Begin XCConfigurationList section */
		C630F12426B42CC000790F78 /* Build configuration list for PBXProject "ListApp" */ = {
			isa = XCConfigurationList;
			buildConfigurations = (
				C630F13B26B42CC100790F78 /* Debug */,
				C630F13C26B42CC100790F78 /* Release */,
			);
			defaultConfigurationIsVisible = 0;
			defaultConfigurationName = Release;
		};
		C630F13D26B42CC100790F78 /* Build configuration list for PBXNativeTarget "ListApp" */ = {
			isa = XCConfigurationList;
			buildConfigurations = (
				C630F13E26B42CC100790F78 /* Debug */,
				C630F13F26B42CC100790F78 /* Release */,
			);
			defaultConfigurationIsVisible = 0;
			defaultConfigurationName = Release;
		};
/* End XCConfigurationList section */
	};
	rootObject = C630F12126B42CC000790F78 /* Project object */;
}
